[[dependencies]]
name = "tnt-core"
version = "0.9.0"
url = "https://soldeer-revisions.s3.amazonaws.com/tnt-core/0_9_0_10-02-2026_07:22:32_tnt-core.zip"
checksum = "c54fe02ea26811c8043954de7b7769e87415b45179e6e48a9c2c6d5c15f72e8a"
integrity = "80f34b46577c47219bc6a490cf2ebdf0f69aaded72b0ba6bb1bf63ee81bcfa5e"
